
Microsoft Visual Studio Solution File, Format Version 12.00
# Visual Studio Version 16
VisualStudioVersion = 16.0.31112.23
MinimumVisualStudioVersion = 10.0.40219.1
Project("{FAE04EC0-301F-11D3-BF4B-00C04F79EFBC}") = "Encryption testing", "Encryption testing\Encryption testing.csproj", "{3B345527-5D69-496A-9E61-37D0D308DB31}"
EndProject
Global
	GlobalSection(SolutionConfigurationPlatforms) = preSolution
		Debug|Any CPU = Debug|Any CPU
		Release|Any CPU = Release|Any CPU
	EndGlobalSection
	GlobalSection(ProjectConfigurationPlatforms) = postSolution
		{3B345527-5D69-496A-9E61-37D0D308DB31}.Debug|Any CPU.ActiveCfg = Debug|Any CPU
		{3B345527-5D69-496A-9E61-37D0D308DB31}.Debug|Any CPU.Build.0 = Debug|Any CPU
		{3B345527-5D69-496A-9E61-37D0D308DB31}.Release|Any CPU.ActiveCfg = Release|Any CPU
		{3B345527-5D69-496A-9E61-37D0D308DB31}.Release|Any CPU.Build.0 = Release|Any CPU
	EndGlobalSection
	GlobalSection(SolutionProperties) = preSolution
		HideSolutionNode = FALSE
	EndGlobalSection
	GlobalSection(ExtensibilityGlobals) = postSolution
		SolutionGuid = {39B01BC9-95A0-4D85-9690-8A8BCE0F396D}
	EndGlobalSection
EndGlobal
